
Microsoft Visual Studio Solution File, Format Version 12.00
# Visual Studio Version 17
VisualStudioVersion = 17.4.33213.308
MinimumVisualStudioVersion = 10.0.40219.1
Project("{FAE04EC0-301F-11D3-BF4B-00C04F79EFBC}") = "FigurasGeometricas2", "FigurasGeometricas2\FigurasGeometricas2.csproj", "{95C4D848-B02C-4B61-B966-70C0A7061C90}"
EndProject
Global
	GlobalSection(SolutionConfigurationPlatforms) = preSolution
		Debug|Any CPU = Debug|Any CPU
		Release|Any CPU = Release|Any CPU
	EndGlobalSection
	GlobalSection(ProjectConfigurationPlatforms) = postSolution
		{95C4D848-B02C-4B61-B966-70C0A7061C90}.Debug|Any CPU.ActiveCfg = Debug|Any CPU
		{95C4D848-B02C-4B61-B966-70C0A7061C90}.Debug|Any CPU.Build.0 = Debug|Any CPU
		{95C4D848-B02C-4B61-B966-70C0A7061C90}.Release|Any CPU.ActiveCfg = Release|Any CPU
		{95C4D848-B02C-4B61-B966-70C0A7061C90}.Release|Any CPU.Build.0 = Release|Any CPU
	EndGlobalSection
	GlobalSection(SolutionProperties) = preSolution
		HideSolutionNode = FALSE
	EndGlobalSection
	GlobalSection(ExtensibilityGlobals) = postSolution
		SolutionGuid = {4B815F79-2831-4CFC-88CD-32AFE9452ABB}
	EndGlobalSection
EndGlobal
