
Microsoft Visual Studio Solution File, Format Version 12.00
# Visual Studio Version 17
VisualStudioVersion = 17.4.33213.308
MinimumVisualStudioVersion = 10.0.40219.1
Project("{FAE04EC0-301F-11D3-BF4B-00C04F79EFBC}") = "PromedioCalificación", "PromedioCalificación\PromedioCalificación.csproj", "{62717ADD-1318-4B41-A67A-9B17BE66FC3E}"
EndProject
Global
	GlobalSection(SolutionConfigurationPlatforms) = preSolution
		Debug|Any CPU = Debug|Any CPU
		Release|Any CPU = Release|Any CPU
	EndGlobalSection
	GlobalSection(ProjectConfigurationPlatforms) = postSolution
		{62717ADD-1318-4B41-A67A-9B17BE66FC3E}.Debug|Any CPU.ActiveCfg = Debug|Any CPU
		{62717ADD-1318-4B41-A67A-9B17BE66FC3E}.Debug|Any CPU.Build.0 = Debug|Any CPU
		{62717ADD-1318-4B41-A67A-9B17BE66FC3E}.Release|Any CPU.ActiveCfg = Release|Any CPU
		{62717ADD-1318-4B41-A67A-9B17BE66FC3E}.Release|Any CPU.Build.0 = Release|Any CPU
	EndGlobalSection
	GlobalSection(SolutionProperties) = preSolution
		HideSolutionNode = FALSE
	EndGlobalSection
	GlobalSection(ExtensibilityGlobals) = postSolution
		SolutionGuid = {A2ECE65B-CDE1-40CD-8ABA-DD690E65685B}
	EndGlobalSection
EndGlobal
